
Microsoft Visual Studio Solution File, Format Version 12.00
# Visual Studio Version 17
VisualStudioVersion = 17.13.35806.99 d17.13
MinimumVisualStudioVersion = 10.0.40219.1
Project("{C9674DCB-5085-4A16-B785-4C70DD1589BD}") = "Test_Integration", "Test_Integration.dtproj", "{0A706C48-0BBF-5298-9E8D-94B13572A147}"
EndProject
Global
	GlobalSection(SolutionConfigurationPlatforms) = preSolution
		Development|Default = Development|Default
	EndGlobalSection
	GlobalSection(ProjectConfigurationPlatforms) = postSolution
		{0A706C48-0BBF-5298-9E8D-94B13572A147}.Development|Default.ActiveCfg = Development
		{0A706C48-0BBF-5298-9E8D-94B13572A147}.Development|Default.Build.0 = Development
	EndGlobalSection
	GlobalSection(SolutionProperties) = preSolution
		HideSolutionNode = FALSE
	EndGlobalSection
	GlobalSection(ExtensibilityGlobals) = postSolution
		SolutionGuid = {FA3C0505-76E9-4536-A855-A4C230B2E0D8}
	EndGlobalSection
EndGlobal
